
Microsoft Visual Studio Solution File, Format Version 12.00
# Visual Studio Version 16
VisualStudioVersion = 16.0.30204.135
MinimumVisualStudioVersion = 10.0.40219.1
Project("{FAE04EC0-301F-11D3-BF4B-00C04F79EFBC}") = "PostsBaord", "PostsBaord.csproj", "{AC643152-E5C7-408E-B54A-BE568DC0036A}"
EndProject
Global
	GlobalSection(SolutionConfigurationPlatforms) = preSolution
		Debug|Any CPU = Debug|Any CPU
		Release|Any CPU = Release|Any CPU
	EndGlobalSection
	GlobalSection(ProjectConfigurationPlatforms) = postSolution
		{AC643152-E5C7-408E-B54A-BE568DC0036A}.Debug|Any CPU.ActiveCfg = Debug|Any CPU
		{AC643152-E5C7-408E-B54A-BE568DC0036A}.Debug|Any CPU.Build.0 = Debug|Any CPU
		{AC643152-E5C7-408E-B54A-BE568DC0036A}.Release|Any CPU.ActiveCfg = Release|Any CPU
		{AC643152-E5C7-408E-B54A-BE568DC0036A}.Release|Any CPU.Build.0 = Release|Any CPU
	EndGlobalSection
	GlobalSection(SolutionProperties) = preSolution
		HideSolutionNode = FALSE
	EndGlobalSection
	GlobalSection(ExtensibilityGlobals) = postSolution
		SolutionGuid = {B95287F4-3BA0-42A1-893D-B78B853CDDA0}
	EndGlobalSection
EndGlobal
